
Microsoft Visual Studio Solution File, Format Version 12.00
# Visual Studio Version 17
VisualStudioVersion = 17.0.31903.59
MinimumVisualStudioVersion = 10.0.40219.1
Project("{2150E333-8FDC-42A3-9474-1A3956D46DE8}") = "src", "src", "{827E0CD3-B72D-47B6-A68D-7590B98EB39B}"
EndProject
Project("{FAE04EC0-301F-11D3-BF4B-00C04F79EFBC}") = "LpsGateway", "src\LpsGateway.csproj", "{9907680D-D895-4974-9E0F-7ED3C438D481}"
EndProject
Project("{2150E333-8FDC-42A3-9474-1A3956D46DE8}") = "tests", "tests", "{0AB3BF05-4346-4AA6-1389-037BE0695223}"
EndProject
Project("{FAE04EC0-301F-11D3-BF4B-00C04F79EFBC}") = "LpsGateway.Tests", "tests\LpsGateway.Tests.csproj", "{8D1087FE-2AFE-42FF-AB28-2AFDA1A680B7}"
EndProject
Project("{2150E333-8FDC-42A3-9474-1A3956D46DE8}") = "tools", "tools", "{07C2787E-EAC7-C090-1BA3-A61EC2A24D84}"
EndProject
Project("{FAE04EC0-301F-11D3-BF4B-00C04F79EFBC}") = "MasterSimulator", "tools\MasterSimulator\MasterSimulator.csproj", "{6ADD0AD6-47C5-4E3B-97C7-2BB8052651F2}"
EndProject
Global
	GlobalSection(SolutionConfigurationPlatforms) = preSolution
		Debug|Any CPU = Debug|Any CPU
		Debug|x64 = Debug|x64
		Debug|x86 = Debug|x86
		Release|Any CPU = Release|Any CPU
		Release|x64 = Release|x64
		Release|x86 = Release|x86
	EndGlobalSection
	GlobalSection(ProjectConfigurationPlatforms) = postSolution
		{9907680D-D895-4974-9E0F-7ED3C438D481}.Debug|Any CPU.ActiveCfg = Debug|Any CPU
		{9907680D-D895-4974-9E0F-7ED3C438D481}.Debug|Any CPU.Build.0 = Debug|Any CPU
		{9907680D-D895-4974-9E0F-7ED3C438D481}.Debug|x64.ActiveCfg = Debug|Any CPU
		{9907680D-D895-4974-9E0F-7ED3C438D481}.Debug|x64.Build.0 = Debug|Any CPU
		{9907680D-D895-4974-9E0F-7ED3C438D481}.Debug|x86.ActiveCfg = Debug|Any CPU
		{9907680D-D895-4974-9E0F-7ED3C438D481}.Debug|x86.Build.0 = Debug|Any CPU
		{9907680D-D895-4974-9E0F-7ED3C438D481}.Release|Any CPU.ActiveCfg = Release|Any CPU
		{9907680D-D895-4974-9E0F-7ED3C438D481}.Release|Any CPU.Build.0 = Release|Any CPU
		{9907680D-D895-4974-9E0F-7ED3C438D481}.Release|x64.ActiveCfg = Release|Any CPU
		{9907680D-D895-4974-9E0F-7ED3C438D481}.Release|x64.Build.0 = Release|Any CPU
		{9907680D-D895-4974-9E0F-7ED3C438D481}.Release|x86.ActiveCfg = Release|Any CPU
		{9907680D-D895-4974-9E0F-7ED3C438D481}.Release|x86.Build.0 = Release|Any CPU
		{8D1087FE-2AFE-42FF-AB28-2AFDA1A680B7}.Debug|Any CPU.ActiveCfg = Debug|Any CPU
		{8D1087FE-2AFE-42FF-AB28-2AFDA1A680B7}.Debug|Any CPU.Build.0 = Debug|Any CPU
		{8D1087FE-2AFE-42FF-AB28-2AFDA1A680B7}.Debug|x64.ActiveCfg = Debug|Any CPU
		{8D1087FE-2AFE-42FF-AB28-2AFDA1A680B7}.Debug|x64.Build.0 = Debug|Any CPU
		{8D1087FE-2AFE-42FF-AB28-2AFDA1A680B7}.Debug|x86.ActiveCfg = Debug|Any CPU
		{8D1087FE-2AFE-42FF-AB28-2AFDA1A680B7}.Debug|x86.Build.0 = Debug|Any CPU
		{8D1087FE-2AFE-42FF-AB28-2AFDA1A680B7}.Release|Any CPU.ActiveCfg = Release|Any CPU
		{8D1087FE-2AFE-42FF-AB28-2AFDA1A680B7}.Release|Any CPU.Build.0 = Release|Any CPU
		{8D1087FE-2AFE-42FF-AB28-2AFDA1A680B7}.Release|x64.ActiveCfg = Release|Any CPU
		{8D1087FE-2AFE-42FF-AB28-2AFDA1A680B7}.Release|x64.Build.0 = Release|Any CPU
		{8D1087FE-2AFE-42FF-AB28-2AFDA1A680B7}.Release|x86.ActiveCfg = Release|Any CPU
		{8D1087FE-2AFE-42FF-AB28-2AFDA1A680B7}.Release|x86.Build.0 = Release|Any CPU
		{6ADD0AD6-47C5-4E3B-97C7-2BB8052651F2}.Debug|Any CPU.ActiveCfg = Debug|Any CPU
		{6ADD0AD6-47C5-4E3B-97C7-2BB8052651F2}.Debug|Any CPU.Build.0 = Debug|Any CPU
		{6ADD0AD6-47C5-4E3B-97C7-2BB8052651F2}.Debug|x64.ActiveCfg = Debug|Any CPU
		{6ADD0AD6-47C5-4E3B-97C7-2BB8052651F2}.Debug|x64.Build.0 = Debug|Any CPU
		{6ADD0AD6-47C5-4E3B-97C7-2BB8052651F2}.Debug|x86.ActiveCfg = Debug|Any CPU
		{6ADD0AD6-47C5-4E3B-97C7-2BB8052651F2}.Debug|x86.Build.0 = Debug|Any CPU
		{6ADD0AD6-47C5-4E3B-97C7-2BB8052651F2}.Release|Any CPU.ActiveCfg = Release|Any CPU
		{6ADD0AD6-47C5-4E3B-97C7-2BB8052651F2}.Release|Any CPU.Build.0 = Release|Any CPU
		{6ADD0AD6-47C5-4E3B-97C7-2BB8052651F2}.Release|x64.ActiveCfg = Release|Any CPU
		{6ADD0AD6-47C5-4E3B-97C7-2BB8052651F2}.Release|x64.Build.0 = Release|Any CPU
		{6ADD0AD6-47C5-4E3B-97C7-2BB8052651F2}.Release|x86.ActiveCfg = Release|Any CPU
		{6ADD0AD6-47C5-4E3B-97C7-2BB8052651F2}.Release|x86.Build.0 = Release|Any CPU
	EndGlobalSection
	GlobalSection(SolutionProperties) = preSolution
		HideSolutionNode = FALSE
	EndGlobalSection
	GlobalSection(NestedProjects) = preSolution
		{9907680D-D895-4974-9E0F-7ED3C438D481} = {827E0CD3-B72D-47B6-A68D-7590B98EB39B}
		{8D1087FE-2AFE-42FF-AB28-2AFDA1A680B7} = {0AB3BF05-4346-4AA6-1389-037BE0695223}
		{6ADD0AD6-47C5-4E3B-97C7-2BB8052651F2} = {07C2787E-EAC7-C090-1BA3-A61EC2A24D84}
	EndGlobalSection
EndGlobal
